
Microsoft Visual Studio Solution File, Format Version 12.00
# Visual Studio Version 17
VisualStudioVersion = 17.2.32616.157
MinimumVisualStudioVersion = 10.0.40219.1
Project("{FAE04EC0-301F-11D3-BF4B-00C04F79EFBC}") = "Tide_com_Nuint", "Tide_com_Nuint\Tide_com_Nuint.csproj", "{162E42AA-4B4C-4677-8742-1A5C4F6BA855}"
EndProject
Global
	GlobalSection(SolutionConfigurationPlatforms) = preSolution
		Debug|Any CPU = Debug|Any CPU
		Release|Any CPU = Release|Any CPU
	EndGlobalSection
	GlobalSection(ProjectConfigurationPlatforms) = postSolution
		{162E42AA-4B4C-4677-8742-1A5C4F6BA855}.Debug|Any CPU.ActiveCfg = Debug|Any CPU
		{162E42AA-4B4C-4677-8742-1A5C4F6BA855}.Debug|Any CPU.Build.0 = Debug|Any CPU
		{162E42AA-4B4C-4677-8742-1A5C4F6BA855}.Release|Any CPU.ActiveCfg = Release|Any CPU
		{162E42AA-4B4C-4677-8742-1A5C4F6BA855}.Release|Any CPU.Build.0 = Release|Any CPU
	EndGlobalSection
	GlobalSection(SolutionProperties) = preSolution
		HideSolutionNode = FALSE
	EndGlobalSection
	GlobalSection(ExtensibilityGlobals) = postSolution
		SolutionGuid = {94069B3B-C6CA-4B4F-96F9-70A3E2741E51}
	EndGlobalSection
EndGlobal
